
Microsoft Visual Studio Solution File, Format Version 12.00
# Visual Studio 15
VisualStudioVersion = 15.0.27703.2042
MinimumVisualStudioVersion = 10.0.40219.1
Project("{9A19103F-16F7-4668-BE54-9A1E7A4F7556}") = "DrugClasses", "DrugClasses\DrugClasses.csproj", "{9E934A6A-F8DF-4561-A177-610054BADB39}"
EndProject
Project("{9A19103F-16F7-4668-BE54-9A1E7A4F7556}") = "XUnitTestDrugs", "XUnitTestDrugs\XUnitTestDrugs.csproj", "{972E291D-A005-43EF-8B90-85B9EBA7B91A}"
EndProject
Project("{9A19103F-16F7-4668-BE54-9A1E7A4F7556}") = "DBToJSON", "DBToJSON\DBToJSON.csproj", "{18988FE6-ADCC-44B2-B68E-316AC510DA2F}"
EndProject
Project("{FAE04EC0-301F-11D3-BF4B-00C04F79EFBC}") = "PicuDrugsPWA", "PicuDrugsPWA\PicuDrugsPWA.csproj", "{5A67919B-2E02-462B-9B6F-4520012588AD}"
EndProject
Global
	GlobalSection(SolutionConfigurationPlatforms) = preSolution
		Debug|Any CPU = Debug|Any CPU
		Release|Any CPU = Release|Any CPU
	EndGlobalSection
	GlobalSection(ProjectConfigurationPlatforms) = postSolution
		{9E934A6A-F8DF-4561-A177-610054BADB39}.Debug|Any CPU.ActiveCfg = Debug|Any CPU
		{9E934A6A-F8DF-4561-A177-610054BADB39}.Debug|Any CPU.Build.0 = Debug|Any CPU
		{9E934A6A-F8DF-4561-A177-610054BADB39}.Release|Any CPU.ActiveCfg = Release|Any CPU
		{9E934A6A-F8DF-4561-A177-610054BADB39}.Release|Any CPU.Build.0 = Release|Any CPU
		{972E291D-A005-43EF-8B90-85B9EBA7B91A}.Debug|Any CPU.ActiveCfg = Debug|Any CPU
		{972E291D-A005-43EF-8B90-85B9EBA7B91A}.Debug|Any CPU.Build.0 = Debug|Any CPU
		{972E291D-A005-43EF-8B90-85B9EBA7B91A}.Release|Any CPU.ActiveCfg = Release|Any CPU
		{972E291D-A005-43EF-8B90-85B9EBA7B91A}.Release|Any CPU.Build.0 = Release|Any CPU
		{18988FE6-ADCC-44B2-B68E-316AC510DA2F}.Debug|Any CPU.ActiveCfg = Debug|Any CPU
		{18988FE6-ADCC-44B2-B68E-316AC510DA2F}.Debug|Any CPU.Build.0 = Debug|Any CPU
		{18988FE6-ADCC-44B2-B68E-316AC510DA2F}.Release|Any CPU.ActiveCfg = Release|Any CPU
		{18988FE6-ADCC-44B2-B68E-316AC510DA2F}.Release|Any CPU.Build.0 = Release|Any CPU
		{5A67919B-2E02-462B-9B6F-4520012588AD}.Debug|Any CPU.ActiveCfg = Debug|Any CPU
		{5A67919B-2E02-462B-9B6F-4520012588AD}.Debug|Any CPU.Build.0 = Debug|Any CPU
		{5A67919B-2E02-462B-9B6F-4520012588AD}.Release|Any CPU.ActiveCfg = Release|Any CPU
		{5A67919B-2E02-462B-9B6F-4520012588AD}.Release|Any CPU.Build.0 = Release|Any CPU
	EndGlobalSection
	GlobalSection(SolutionProperties) = preSolution
		HideSolutionNode = FALSE
	EndGlobalSection
	GlobalSection(ExtensibilityGlobals) = postSolution
		SolutionGuid = {D95BA80A-86A5-4486-B918-55AC6DCB2EAF}
	EndGlobalSection
EndGlobal
