# THIS IS AN AUTOGENERATED FILE. DO NOT EDIT THIS FILE DIRECTLY.
# yarn lockfile v1


jquery-validation-unobtrusive@^3.2.6:
  version "3.2.6"
  resolved "https://registry.yarnpkg.com/jquery-validation-unobtrusive/-/jquery-validation-unobtrusive-3.2.6.tgz#0f8767c5462e30b4a5743d12461e8057da7572e5"
  dependencies:
    jquery ">=1.8"
    jquery-validation ">=1.8"

jquery-validation@>=1.8:
  version "1.17.0"
  resolved "https://registry.yarnpkg.com/jquery-validation/-/jquery-validation-1.17.0.tgz#ab66b6b583d7740b9bbd148993e50e8ac041f35b"
  dependencies:
    jquery "^1.7 || ^2.0 || ^3.1"

jquery@>=1.7.0, jquery@>=1.8, "jquery@^1.7 || ^2.0 || ^3.1":
  version "3.3.1"
  resolved "https://registry.yarnpkg.com/jquery/-/jquery-3.3.1.tgz#958ce29e81c9790f31be7792df5d4d95fc57fbca"

smartmenus-bootstrap@^0.4.1:
  version "0.4.1"
  resolved "https://registry.yarnpkg.com/smartmenus-bootstrap/-/smartmenus-bootstrap-0.4.1.tgz#5424832cdb23b78d56a3fb1f22f4316bf0099bf2"
  dependencies:
    jquery ">=1.7.0"
    smartmenus ">=1.1.0"

smartmenus@>=1.1.0:
  version "1.1.0"
  resolved "https://registry.yarnpkg.com/smartmenus/-/smartmenus-1.1.0.tgz#19da8c61e02f7148d21510a7e5a70cd54cf4f1c7"
  dependencies:
    jquery ">=1.7.0"
